
Microsoft Visual Studio Solution File, Format Version 12.00
# Visual Studio Version 17
VisualStudioVersion = 17.8.34212.112
MinimumVisualStudioVersion = 10.0.40219.1
Project("{FAE04EC0-301F-11D3-BF4B-00C04F79EFBC}") = "RazorRefactorizer", "RazorRefactorizer\RazorRefactorizer.csproj", "{36841650-7BA4-4A13-BC83-BD40BAE680CB}"
EndProject
Global
	GlobalSection(SolutionConfigurationPlatforms) = preSolution
		Debug|Any CPU = Debug|Any CPU
		Debug|arm64 = Debug|arm64
		Debug|x86 = Debug|x86
		Release|Any CPU = Release|Any CPU
		Release|arm64 = Release|arm64
		Release|x86 = Release|x86
	EndGlobalSection
	GlobalSection(ProjectConfigurationPlatforms) = postSolution
		{36841650-7BA4-4A13-BC83-BD40BAE680CB}.Debug|Any CPU.ActiveCfg = Debug|Any CPU
		{36841650-7BA4-4A13-BC83-BD40BAE680CB}.Debug|Any CPU.Build.0 = Debug|Any CPU
		{36841650-7BA4-4A13-BC83-BD40BAE680CB}.Debug|arm64.ActiveCfg = Debug|arm64
		{36841650-7BA4-4A13-BC83-BD40BAE680CB}.Debug|arm64.Build.0 = Debug|arm64
		{36841650-7BA4-4A13-BC83-BD40BAE680CB}.Debug|x86.ActiveCfg = Debug|x86
		{36841650-7BA4-4A13-BC83-BD40BAE680CB}.Debug|x86.Build.0 = Debug|x86
		{36841650-7BA4-4A13-BC83-BD40BAE680CB}.Release|Any CPU.ActiveCfg = Release|Any CPU
		{36841650-7BA4-4A13-BC83-BD40BAE680CB}.Release|Any CPU.Build.0 = Release|Any CPU
		{36841650-7BA4-4A13-BC83-BD40BAE680CB}.Release|arm64.ActiveCfg = Release|arm64
		{36841650-7BA4-4A13-BC83-BD40BAE680CB}.Release|arm64.Build.0 = Release|arm64
		{36841650-7BA4-4A13-BC83-BD40BAE680CB}.Release|x86.ActiveCfg = Release|x86
		{36841650-7BA4-4A13-BC83-BD40BAE680CB}.Release|x86.Build.0 = Release|x86
	EndGlobalSection
	GlobalSection(SolutionProperties) = preSolution
		HideSolutionNode = FALSE
	EndGlobalSection
	GlobalSection(ExtensibilityGlobals) = postSolution
		SolutionGuid = {7FA4D4D4-3F47-42AA-8954-78BA904B77DC}
	EndGlobalSection
EndGlobal
